
Microsoft Visual Studio Solution File, Format Version 12.00
# Visual Studio Version 16
VisualStudioVersion = 16.0.31410.357
MinimumVisualStudioVersion = 10.0.40219.1
Project("{FAE04EC0-301F-11D3-BF4B-00C04F79EFBC}") = "app-prova-prismatec", "app-prova-prismatec\app-prova-prismatec.csproj", "{92D0CED7-0C95-4D2C-9A96-3E70C4B7AD79}"
EndProject
Project("{FAE04EC0-301F-11D3-BF4B-00C04F79EFBC}") = "app-prova-prismatec-Aplication", "app-prova-prismatec-Aplication\app-prova-prismatec-Aplication.csproj", "{B15FC90F-5E33-4F0A-9789-469425826022}"
EndProject
Project("{FAE04EC0-301F-11D3-BF4B-00C04F79EFBC}") = "app-prova-prismatec-Domain", "app-prova-prismatec-Domain\app-prova-prismatec-Domain.csproj", "{DB70A94E-EBA0-445B-914C-A1D0A4122936}"
EndProject
Global
	GlobalSection(SolutionConfigurationPlatforms) = preSolution
		Debug|Any CPU = Debug|Any CPU
		Release|Any CPU = Release|Any CPU
	EndGlobalSection
	GlobalSection(ProjectConfigurationPlatforms) = postSolution
		{92D0CED7-0C95-4D2C-9A96-3E70C4B7AD79}.Debug|Any CPU.ActiveCfg = Debug|Any CPU
		{92D0CED7-0C95-4D2C-9A96-3E70C4B7AD79}.Debug|Any CPU.Build.0 = Debug|Any CPU
		{92D0CED7-0C95-4D2C-9A96-3E70C4B7AD79}.Release|Any CPU.ActiveCfg = Release|Any CPU
		{92D0CED7-0C95-4D2C-9A96-3E70C4B7AD79}.Release|Any CPU.Build.0 = Release|Any CPU
		{B15FC90F-5E33-4F0A-9789-469425826022}.Debug|Any CPU.ActiveCfg = Debug|Any CPU
		{B15FC90F-5E33-4F0A-9789-469425826022}.Debug|Any CPU.Build.0 = Debug|Any CPU
		{B15FC90F-5E33-4F0A-9789-469425826022}.Release|Any CPU.ActiveCfg = Release|Any CPU
		{B15FC90F-5E33-4F0A-9789-469425826022}.Release|Any CPU.Build.0 = Release|Any CPU
		{DB70A94E-EBA0-445B-914C-A1D0A4122936}.Debug|Any CPU.ActiveCfg = Debug|Any CPU
		{DB70A94E-EBA0-445B-914C-A1D0A4122936}.Debug|Any CPU.Build.0 = Debug|Any CPU
		{DB70A94E-EBA0-445B-914C-A1D0A4122936}.Release|Any CPU.ActiveCfg = Release|Any CPU
		{DB70A94E-EBA0-445B-914C-A1D0A4122936}.Release|Any CPU.Build.0 = Release|Any CPU
	EndGlobalSection
	GlobalSection(SolutionProperties) = preSolution
		HideSolutionNode = FALSE
	EndGlobalSection
	GlobalSection(ExtensibilityGlobals) = postSolution
		SolutionGuid = {B39B8830-C5B4-45A4-B9F3-C6E386CB7039}
	EndGlobalSection
EndGlobal
